
Microsoft Visual Studio Solution File, Format Version 12.00
# Visual Studio Version 17
VisualStudioVersion = 17.0.31903.59
MinimumVisualStudioVersion = 10.0.40219.1
Project("{FAE04EC0-301F-11D3-BF4B-00C04F79EFBC}") = "Rejestr", "Rejestr\Rejestr.csproj", "{B784F496-93BB-432D-BE76-B12D415E72EB}"
EndProject
Global
	GlobalSection(SolutionConfigurationPlatforms) = preSolution
		Debug|Any CPU = Debug|Any CPU
		Release|Any CPU = Release|Any CPU
	EndGlobalSection
	GlobalSection(ProjectConfigurationPlatforms) = postSolution
		{B784F496-93BB-432D-BE76-B12D415E72EB}.Debug|Any CPU.ActiveCfg = Debug|Any CPU
		{B784F496-93BB-432D-BE76-B12D415E72EB}.Debug|Any CPU.Build.0 = Debug|Any CPU
		{B784F496-93BB-432D-BE76-B12D415E72EB}.Release|Any CPU.ActiveCfg = Release|Any CPU
		{B784F496-93BB-432D-BE76-B12D415E72EB}.Release|Any CPU.Build.0 = Release|Any CPU
	EndGlobalSection
	GlobalSection(SolutionProperties) = preSolution
		HideSolutionNode = FALSE
	EndGlobalSection
	GlobalSection(ExtensibilityGlobals) = postSolution
		SolutionGuid = {E95E3EAE-BE4D-461D-8C2F-662B3E682678}
	EndGlobalSection
EndGlobal
